
Microsoft Visual Studio Solution File, Format Version 12.00
# Visual Studio 15
VisualStudioVersion = 15.0.28307.572
MinimumVisualStudioVersion = 10.0.40219.1
Project("{8BC9CEB8-8B4A-11D0-8D11-00A0C91BC942}") = "simcache", "simcache\simcache.vcxproj", "{64695702-7FEA-46DC-8A17-32BAC8E2C20A}"
EndProject
Global
	GlobalSection(SolutionConfigurationPlatforms) = preSolution
		Debug|x64 = Debug|x64
		Debug|x86 = Debug|x86
		Release|x64 = Release|x64
		Release|x86 = Release|x86
	EndGlobalSection
	GlobalSection(ProjectConfigurationPlatforms) = postSolution
		{64695702-7FEA-46DC-8A17-32BAC8E2C20A}.Debug|x64.ActiveCfg = Debug|x64
		{64695702-7FEA-46DC-8A17-32BAC8E2C20A}.Debug|x64.Build.0 = Debug|x64
		{64695702-7FEA-46DC-8A17-32BAC8E2C20A}.Debug|x86.ActiveCfg = Debug|Win32
		{64695702-7FEA-46DC-8A17-32BAC8E2C20A}.Debug|x86.Build.0 = Debug|Win32
		{64695702-7FEA-46DC-8A17-32BAC8E2C20A}.Release|x64.ActiveCfg = Release|x64
		{64695702-7FEA-46DC-8A17-32BAC8E2C20A}.Release|x64.Build.0 = Release|x64
		{64695702-7FEA-46DC-8A17-32BAC8E2C20A}.Release|x86.ActiveCfg = Release|Win32
		{64695702-7FEA-46DC-8A17-32BAC8E2C20A}.Release|x86.Build.0 = Release|Win32
	EndGlobalSection
	GlobalSection(SolutionProperties) = preSolution
		HideSolutionNode = FALSE
	EndGlobalSection
	GlobalSection(ExtensibilityGlobals) = postSolution
		SolutionGuid = {620B0275-D73B-4EF4-A79C-A1E6EBFE0899}
	EndGlobalSection
EndGlobal
